# This file is @generated by PDM.
# It is not intended for manual editing.

[metadata]
groups = ["default"]
strategy = ["inherit_metadata"]
lock_version = "4.5.0"
content_hash = "sha256:a3ff7bd70ea921981fdcfbaf7583f9f1a98426ccb03f9774b6018fd716b5f773"

[[metadata.targets]]
requires_python = "~=3.10"

[[package]]
name = "anyio"
version = "4.9.0"
requires_python = ">=3.9"
summary = "High level compatibility layer for multiple asynchronous event loop implementations"
groups = ["default"]
dependencies = [
    "exceptiongroup>=1.0.2; python_version < \"3.11\"",
    "idna>=2.8",
    "sniffio>=1.1",
    "typing-extensions>=4.5; python_version < \"3.13\"",
]
files = [
    {file = "anyio-4.9.0-py3-none-any.whl", hash = "sha256:9f76d541cad6e36af7beb62e978876f3b41e3e04f2c1fbf0884604c0a9c4d93c"},
    {file = "anyio-4.9.0.tar.gz", hash = "sha256:673c0c244e15788651a4ff38710fea9675823028a6f08a5eda409e0c9840a028"},
]

[[package]]
name = "ariadne"
version = "0.26.2"
requires_python = ">=3.9"
summary = "Ariadne is a Python library for implementing GraphQL servers."
groups = ["default"]
dependencies = [
    "graphql-core<3.2.6,>=3.2.0",
    "starlette<1.0,>0.17",
    "typing-extensions>=3.6.0",
]
files = [
    {file = "ariadne-0.26.2-py3-none-any.whl", hash = "sha256:8d272c73a751d30a1c9c367318a317483588a51c335351d7342f23f109816a92"},
    {file = "ariadne-0.26.2.tar.gz", hash = "sha256:607617f82760c039b2137b7c1200b475ea90ccf4ca42c0994926c0d8fdede908"},
]

[[package]]
name = "click"
version = "8.2.1"
requires_python = ">=3.10"
summary = "Composable command line interface toolkit"
groups = ["default"]
dependencies = [
    "colorama; platform_system == \"Windows\"",
]
files = [
    {file = "click-8.2.1-py3-none-any.whl", hash = "sha256:61a3265b914e850b85317d0b3109c7f8cd35a670f963866005d6ef1d5175a12b"},
    {file = "click-8.2.1.tar.gz", hash = "sha256:27c491cc05d968d271d5a1db13e3b5a184636d9d930f148c50b038f0d0646202"},
]

[[package]]
name = "colorama"
version = "0.4.6"
requires_python = "!=3.0.*,!=3.1.*,!=3.2.*,!=3.3.*,!=3.4.*,!=3.5.*,!=3.6.*,>=2.7"
summary = "Cross-platform colored terminal text."
groups = ["default"]
marker = "platform_system == \"Windows\""
files = [
    {file = "colorama-0.4.6-py2.py3-none-any.whl", hash = "sha256:4f1d9991f5acc0ca119f9d443620b77f9d6b33703e51011c16baf57afb285fc6"},
    {file = "colorama-0.4.6.tar.gz", hash = "sha256:08695f5cb7ed6e0531a20572697297273c47b8cae5a63ffc6d6ed5c201be6e44"},
]

[[package]]
name = "exceptiongroup"
version = "1.3.0"
requires_python = ">=3.7"
summary = "Backport of PEP 654 (exception groups)"
groups = ["default"]
marker = "python_version < \"3.11\""
dependencies = [
    "typing-extensions>=4.6.0; python_version < \"3.13\"",
]
files = [
    {file = "exceptiongroup-1.3.0-py3-none-any.whl", hash = "sha256:4d111e6e0c13d0644cad6ddaa7ed0261a0b36971f6d23e7ec9b4b9097da78a10"},
    {file = "exceptiongroup-1.3.0.tar.gz", hash = "sha256:b241f5885f560bc56a59ee63ca4c6a8bfa46ae4ad651af316d4e81817bb9fd88"},
]

[[package]]
name = "graphql-core"
version = "3.2.5"
requires_python = "<4,>=3.6"
summary = "GraphQL implementation for Python, a port of GraphQL.js, the JavaScript reference implementation for GraphQL."
groups = ["default"]
dependencies = [
    "typing-extensions<5,>=4; python_version < \"3.10\"",
]
files = [
    {file = "graphql_core-3.2.5-py3-none-any.whl", hash = "sha256:2f150d5096448aa4f8ab26268567bbfeef823769893b39c1a2e1409590939c8a"},
    {file = "graphql_core-3.2.5.tar.gz", hash = "sha256:e671b90ed653c808715645e3998b7ab67d382d55467b7e2978549111bbabf8d5"},
]

[[package]]
name = "grpcio"
version = "1.73.1"
requires_python = ">=3.9"
summary = "HTTP/2-based RPC framework"
groups = ["default"]
files = [
    {file = "grpcio-1.73.1-cp310-cp310-linux_armv7l.whl", hash = "sha256:2d70f4ddd0a823436c2624640570ed6097e40935c9194482475fe8e3d9754d55"},
    {file = "grpcio-1.73.1-cp310-cp310-macosx_11_0_universal2.whl", hash = "sha256:3841a8a5a66830261ab6a3c2a3dc539ed84e4ab019165f77b3eeb9f0ba621f26"},
    {file = "grpcio-1.73.1-cp310-cp310-manylinux_2_17_aarch64.whl", hash = "sha256:628c30f8e77e0258ab788750ec92059fc3d6628590fb4b7cea8c102503623ed7"},
    {file = "grpcio-1.73.1-cp310-cp310-manylinux_2_17_i686.manylinux2014_i686.whl", hash = "sha256:67a0468256c9db6d5ecb1fde4bf409d016f42cef649323f0a08a72f352d1358b"},
    {file = "grpcio-1.73.1-cp310-cp310-manylinux_2_17_x86_64.manylinux2014_x86_64.whl", hash = "sha256:68b84d65bbdebd5926eb5c53b0b9ec3b3f83408a30e4c20c373c5337b4219ec5"},
    {file = "grpcio-1.73.1-cp310-cp310-musllinux_1_1_aarch64.whl", hash = "sha256:c54796ca22b8349cc594d18b01099e39f2b7ffb586ad83217655781a350ce4da"},
    {file = "grpcio-1.73.1-cp310-cp310-musllinux_1_1_i686.whl", hash = "sha256:75fc8e543962ece2f7ecd32ada2d44c0c8570ae73ec92869f9af8b944863116d"},
    {file = "grpcio-1.73.1-cp310-cp310-musllinux_1_1_x86_64.whl", hash = "sha256:6a6037891cd2b1dd1406b388660522e1565ed340b1fea2955b0234bdd941a862"},
    {file = "grpcio-1.73.1-cp310-cp310-win32.whl", hash = "sha256:cce7265b9617168c2d08ae570fcc2af4eaf72e84f8c710ca657cc546115263af"},
    {file = "grpcio-1.73.1-cp310-cp310-win_amd64.whl", hash = "sha256:6a2b372e65fad38842050943f42ce8fee00c6f2e8ea4f7754ba7478d26a356ee"},
    {file = "grpcio-1.73.1-cp311-cp311-linux_armv7l.whl", hash = "sha256:ba2cea9f7ae4bc21f42015f0ec98f69ae4179848ad744b210e7685112fa507a1"},
    {file = "grpcio-1.73.1-cp311-cp311-macosx_11_0_universal2.whl", hash = "sha256:d74c3f4f37b79e746271aa6cdb3a1d7e4432aea38735542b23adcabaaee0c097"},
    {file = "grpcio-1.73.1-cp311-cp311-manylinux_2_17_aarch64.whl", hash = "sha256:5b9b1805a7d61c9e90541cbe8dfe0a593dfc8c5c3a43fe623701b6a01b01d710"},
    {file = "grpcio-1.73.1-cp311-cp311-manylinux_2_17_i686.manylinux2014_i686.whl", hash = "sha256:b3215f69a0670a8cfa2ab53236d9e8026bfb7ead5d4baabe7d7dc11d30fda967"},
    {file = "grpcio-1.73.1-cp311-cp311-manylinux_2_17_x86_64.manylinux2014_x86_64.whl", hash = "sha256:bc5eccfd9577a5dc7d5612b2ba90cca4ad14c6d949216c68585fdec9848befb1"},
    {file = "grpcio-1.73.1-cp311-cp311-musllinux_1_1_aarch64.whl", hash = "sha256:dc7d7fd520614fce2e6455ba89791458020a39716951c7c07694f9dbae28e9c0"},
    {file = "grpcio-1.73.1-cp311-cp311-musllinux_1_1_i686.whl", hash = "sha256:105492124828911f85127e4825d1c1234b032cb9d238567876b5515d01151379"},
    {file = "grpcio-1.73.1-cp311-cp311-musllinux_1_1_x86_64.whl", hash = "sha256:610e19b04f452ba6f402ac9aa94eb3d21fbc94553368008af634812c4a85a99e"},
    {file = "grpcio-1.73.1-cp311-cp311-win32.whl", hash = "sha256:d60588ab6ba0ac753761ee0e5b30a29398306401bfbceffe7d68ebb21193f9d4"},
    {file = "grpcio-1.73.1-cp311-cp311-win_amd64.whl", hash = "sha256:6957025a4608bb0a5ff42abd75bfbb2ed99eda29d5992ef31d691ab54b753643"},
    {file = "grpcio-1.73.1-cp312-cp312-linux_armv7l.whl", hash = "sha256:921b25618b084e75d424a9f8e6403bfeb7abef074bb6c3174701e0f2542debcf"},
    {file = "grpcio-1.73.1-cp312-cp312-macosx_11_0_universal2.whl", hash = "sha256:277b426a0ed341e8447fbf6c1d6b68c952adddf585ea4685aa563de0f03df887"},
    {file = "grpcio-1.73.1-cp312-cp312-manylinux_2_17_aarch64.whl", hash = "sha256:96c112333309493c10e118d92f04594f9055774757f5d101b39f8150f8c25582"},
    {file = "grpcio-1.73.1-cp312-cp312-manylinux_2_17_i686.manylinux2014_i686.whl", hash = "sha256:f48e862aed925ae987eb7084409a80985de75243389dc9d9c271dd711e589918"},
    {file = "grpcio-1.73.1-cp312-cp312-manylinux_2_17_x86_64.manylinux2014_x86_64.whl", hash = "sha256:83a6c2cce218e28f5040429835fa34a29319071079e3169f9543c3fbeff166d2"},
    {file = "grpcio-1.73.1-cp312-cp312-musllinux_1_1_aarch64.whl", hash = "sha256:65b0458a10b100d815a8426b1442bd17001fdb77ea13665b2f7dc9e8587fdc6b"},
    {file = "grpcio-1.73.1-cp312-cp312-musllinux_1_1_i686.whl", hash = "sha256:0a9f3ea8dce9eae9d7cb36827200133a72b37a63896e0e61a9d5ec7d61a59ab1"},
    {file = "grpcio-1.73.1-cp312-cp312-musllinux_1_1_x86_64.whl", hash = "sha256:de18769aea47f18e782bf6819a37c1c528914bfd5683b8782b9da356506190c8"},
    {file = "grpcio-1.73.1-cp312-cp312-win32.whl", hash = "sha256:24e06a5319e33041e322d32c62b1e728f18ab8c9dbc91729a3d9f9e3ed336642"},
    {file = "grpcio-1.73.1-cp312-cp312-win_amd64.whl", hash = "sha256:303c8135d8ab176f8038c14cc10d698ae1db9c480f2b2823f7a987aa2a4c5646"},
    {file = "grpcio-1.73.1-cp313-cp313-linux_armv7l.whl", hash = "sha256:b310824ab5092cf74750ebd8a8a8981c1810cb2b363210e70d06ef37ad80d4f9"},
    {file = "grpcio-1.73.1-cp313-cp313-macosx_11_0_universal2.whl", hash = "sha256:8f5a6df3fba31a3485096ac85b2e34b9666ffb0590df0cd044f58694e6a1f6b5"},
    {file = "grpcio-1.73.1-cp313-cp313-manylinux_2_17_aarch64.whl", hash = "sha256:052e28fe9c41357da42250a91926a3e2f74c046575c070b69659467ca5aa976b"},
    {file = "grpcio-1.73.1-cp313-cp313-manylinux_2_17_i686.manylinux2014_i686.whl", hash = "sha256:1c0bf15f629b1497436596b1cbddddfa3234273490229ca29561209778ebe182"},
    {file = "grpcio-1.73.1-cp313-cp313-manylinux_2_17_x86_64.manylinux2014_x86_64.whl", hash = "sha256:0ab860d5bfa788c5a021fba264802e2593688cd965d1374d31d2b1a34cacd854"},
    {file = "grpcio-1.73.1-cp313-cp313-musllinux_1_1_aarch64.whl", hash = "sha256:ad1d958c31cc91ab050bd8a91355480b8e0683e21176522bacea225ce51163f2"},
    {file = "grpcio-1.73.1-cp313-cp313-musllinux_1_1_i686.whl", hash = "sha256:f43ffb3bd415c57224c7427bfb9e6c46a0b6e998754bfa0d00f408e1873dcbb5"},
    {file = "grpcio-1.73.1-cp313-cp313-musllinux_1_1_x86_64.whl", hash = "sha256:686231cdd03a8a8055f798b2b54b19428cdf18fa1549bee92249b43607c42668"},
    {file = "grpcio-1.73.1-cp313-cp313-win32.whl", hash = "sha256:89018866a096e2ce21e05eabed1567479713ebe57b1db7cbb0f1e3b896793ba4"},
    {file = "grpcio-1.73.1-cp313-cp313-win_amd64.whl", hash = "sha256:4a68f8c9966b94dff693670a5cf2b54888a48a5011c5d9ce2295a1a1465ee84f"},
    {file = "grpcio-1.73.1.tar.gz", hash = "sha256:7fce2cd1c0c1116cf3850564ebfc3264fba75d3c74a7414373f1238ea365ef87"},
]

[[package]]
name = "grpcio-tools"
version = "1.73.1"
requires_python = ">=3.9"
summary = "Protobuf code generator for gRPC"
groups = ["default"]
dependencies = [
    "grpcio>=1.73.1",
    "protobuf<7.0.0,>=6.30.0",
    "setuptools",
]
files = [
    {file = "grpcio_tools-1.73.1-cp310-cp310-linux_armv7l.whl", hash = "sha256:0731b21a7f3988a9f8c244ffe3940a0579e5b5f2a99d08448459e0b49350d47a"},
    {file = "grpcio_tools-1.73.1-cp310-cp310-macosx_11_0_universal2.whl", hash = "sha256:15e47b19b70ce6100e9843570e16b0561045c37b5e9d390f1cb54292c99b51b6"},
    {file = "grpcio_tools-1.73.1-cp310-cp310-manylinux_2_17_aarch64.whl", hash = "sha256:fbe6cd3e863928b5c127d4956c60e44101f495ddcb69738290db6ef497ce505c"},
    {file = "grpcio_tools-1.73.1-cp310-cp310-manylinux_2_17_i686.manylinux2014_i686.whl", hash = "sha256:71c35a6b4d125bec877daefaf7dedb566d37ed4e903a45b74e491683e006afa4"},
    {file = "grpcio_tools-1.73.1-cp310-cp310-manylinux_2_17_x86_64.manylinux2014_x86_64.whl", hash = "sha256:9486235da85a80accaeaab5829c09e19b70ee96ff100d3f7b342ec9344d96134"},
    {file = "grpcio_tools-1.73.1-cp310-cp310-musllinux_1_1_aarch64.whl", hash = "sha256:86dfd562a9ebb74849aca345237cf87c2732067e410752ff809b8bfdf7aa5f49"},
    {file = "grpcio_tools-1.73.1-cp310-cp310-musllinux_1_1_i686.whl", hash = "sha256:bde8101bc7a60de6297916a468bf7900be6e2c0f9965a1a6591aa06bd02e2df3"},
    {file = "grpcio_tools-1.73.1-cp310-cp310-musllinux_1_1_x86_64.whl", hash = "sha256:b41e2417003b34bf672aa4ec5a48e22d9fc28f7de5f25d9a01fb1e3dcc86af6a"},
    {file = "grpcio_tools-1.73.1-cp310-cp310-win32.whl", hash = "sha256:bb05d02ca7d603260555cc0bbec616b116f741561d5b5c78a65bc3fae5982d5e"},
    {file = "grpcio_tools-1.73.1-cp310-cp310-win_amd64.whl", hash = "sha256:5f0cd287545c9430e3e395181ee11ca9b7bef4c41b1c28afa9174ea5a868dcda"},
    {file = "grpcio_tools-1.73.1-cp311-cp311-linux_armv7l.whl", hash = "sha256:2bc4a46177df43853b070a4b6b6106d9829a639bc8b9516a005a879d3e5da0f9"},
    {file = "grpcio_tools-1.73.1-cp311-cp311-macosx_11_0_universal2.whl", hash = "sha256:448b38ec72ed62c932d48e49e0facbb51e8045065dabf3bb63149810971a51e7"},
    {file = "grpcio_tools-1.73.1-cp311-cp311-manylinux_2_17_aarch64.whl", hash = "sha256:249be7616b323b8af72a02bd218bfbba388010e6ccb471c57d42e49b620686f7"},
    {file = "grpcio_tools-1.73.1-cp311-cp311-manylinux_2_17_i686.manylinux2014_i686.whl", hash = "sha256:129dd1e46386da74d78d588c5a7f5c51d8dc2ec40fea95f9a012f655767fd5f3"},
    {file = "grpcio_tools-1.73.1-cp311-cp311-manylinux_2_17_x86_64.manylinux2014_x86_64.whl", hash = "sha256:2d53cd62c30fbd9597c05066a45e5750a11ec566c5fe0d17878e169bd2c66157"},
    {file = "grpcio_tools-1.73.1-cp311-cp311-musllinux_1_1_aarch64.whl", hash = "sha256:d8f4e2ee735dc6033b6f3379584759cc95259581c9bc58db5dd0e69cc71310f1"},
    {file = "grpcio_tools-1.73.1-cp311-cp311-musllinux_1_1_i686.whl", hash = "sha256:b2795d85da34846bbe6693f0da4c1f9bfa8a77e6cbd85cb83eb1231f1315a2ae"},
    {file = "grpcio_tools-1.73.1-cp311-cp311-musllinux_1_1_x86_64.whl", hash = "sha256:40834bf3551a6936151f4ba7eba4a37c8ff66eacb0bb5affa4630afbe78f061d"},
    {file = "grpcio_tools-1.73.1-cp311-cp311-win32.whl", hash = "sha256:0b809d936463fabeda6999eb681b5d4869dd8e5fe4d2fb9dbfee0d2a4c0ce67a"},
    {file = "grpcio_tools-1.73.1-cp311-cp311-win_amd64.whl", hash = "sha256:e0257401088f29315fe0ad7f388ad061cf5b57a89e9abf039f8d9c7a54e9580d"},
    {file = "grpcio_tools-1.73.1-cp312-cp312-linux_armv7l.whl", hash = "sha256:23af3de80c89ee803d0143c6293f8e979a851f0414702b5de973e205fca69db2"},
    {file = "grpcio_tools-1.73.1-cp312-cp312-macosx_11_0_universal2.whl", hash = "sha256:fbf17ad6fff6c9002d28bc3632216eafb59631308b05c4cf80e72d21c33f7dc9"},
    {file = "grpcio_tools-1.73.1-cp312-cp312-manylinux_2_17_aarch64.whl", hash = "sha256:aa05ecd0b2ca583862d107eea4d9480a2d89987ae46bc02944cc450a122f833b"},
    {file = "grpcio_tools-1.73.1-cp312-cp312-manylinux_2_17_i686.manylinux2014_i686.whl", hash = "sha256:664fbec02f93d14bb74c442e06ba20a4448a20236ed3d6ac5d2c4ef82a33a8b4"},
    {file = "grpcio_tools-1.73.1-cp312-cp312-manylinux_2_17_x86_64.manylinux2014_x86_64.whl", hash = "sha256:60aa528d7576c932f43172723188f53aaa7bdb307e52d22f2e5ab831a3667693"},
    {file = "grpcio_tools-1.73.1-cp312-cp312-musllinux_1_1_aarch64.whl", hash = "sha256:3893517010bcdb8cb4949715786bc5953fe7df6b575f8b1725531ed492b1080c"},
    {file = "grpcio_tools-1.73.1-cp312-cp312-musllinux_1_1_i686.whl", hash = "sha256:654083a2d4e83679d4fb6ac46a2748c1b57ecf45be5cbe88d88a1a4aef6b3281"},
    {file = "grpcio_tools-1.73.1-cp312-cp312-musllinux_1_1_x86_64.whl", hash = "sha256:cd8b1077849acd69923b08a8e5221050e5201eb65907487ee6d69aa06b583b46"},
    {file = "grpcio_tools-1.73.1-cp312-cp312-win32.whl", hash = "sha256:0273f64c8db4a52a3a99fd34c83a1a1723bd3ac6806d3054a93f08044609fa65"},
    {file = "grpcio_tools-1.73.1-cp312-cp312-win_amd64.whl", hash = "sha256:0626266b0df489d6e8bdd4178b1c78cac9963fde4c5ba6b205b329e46696b334"},
    {file = "grpcio_tools-1.73.1-cp313-cp313-linux_armv7l.whl", hash = "sha256:4687200e18d316ef1e28824bf9c62c2c6a3a2aacf4e0d292306258ef05955587"},
    {file = "grpcio_tools-1.73.1-cp313-cp313-macosx_11_0_universal2.whl", hash = "sha256:b86daf2dba207aace486cf5752c9c5d35864cd67f1df1429f7341af3984dadc7"},
    {file = "grpcio_tools-1.73.1-cp313-cp313-manylinux_2_17_aarch64.whl", hash = "sha256:44ec622d210740ed6c4300ea51fc43faaa0c58f4e2c4b03e2fe5a452b8e440ce"},
    {file = "grpcio_tools-1.73.1-cp313-cp313-manylinux_2_17_i686.manylinux2014_i686.whl", hash = "sha256:7ceac9073030012596cb7923643552329e48fb911eea3225624b8ef34bae92e1"},
    {file = "grpcio_tools-1.73.1-cp313-cp313-manylinux_2_17_x86_64.manylinux2014_x86_64.whl", hash = "sha256:43329b47e982798c9eb18f652fc10fef5d22f9df51001a10f1ece01d9d203c04"},
    {file = "grpcio_tools-1.73.1-cp313-cp313-musllinux_1_1_aarch64.whl", hash = "sha256:f0afb000ff67f7665f3eedd797c23b403a6bdae829d6e610944aeb6959193698"},
    {file = "grpcio_tools-1.73.1-cp313-cp313-musllinux_1_1_i686.whl", hash = "sha256:40c5def66b69c8c8f8a6af8d47a5e6b5825055c7ef7cf2b1b58c57ddc86bf3be"},
    {file = "grpcio_tools-1.73.1-cp313-cp313-musllinux_1_1_x86_64.whl", hash = "sha256:9a0eb7d88c9f1992afb3021e45721971e49d612b03fa5d38cce6e4369509f32c"},
    {file = "grpcio_tools-1.73.1-cp313-cp313-win32.whl", hash = "sha256:34480c6964d16b7fa0012b9fc574efa9e2f71c80f8bc9da0887c300abb7130f3"},
    {file = "grpcio_tools-1.73.1-cp313-cp313-win_amd64.whl", hash = "sha256:2b005373ad23dc0f25d8d6ec6d219fc3a6831b8d0f487be8f9bb2315307ba1c1"},
    {file = "grpcio_tools-1.73.1.tar.gz", hash = "sha256:6e06adec3b0870f5947953b0ef8dbdf2cebcdff61fb1fe08120cc7483c7978aa"},
]

[[package]]
name = "h11"
version = "0.16.0"
requires_python = ">=3.8"
summary = "A pure-Python, bring-your-own-I/O implementation of HTTP/1.1"
groups = ["default"]
files = [
    {file = "h11-0.16.0-py3-none-any.whl", hash = "sha256:63cf8bbe7522de3bf65932fda1d9c2772064ffb3dae62d55932da54b31cb6c86"},
    {file = "h11-0.16.0.tar.gz", hash = "sha256:4e35b956cf45792e4caa5885e69fba00bdbc6ffafbfa020300e549b208ee5ff1"},
]

[[package]]
name = "idna"
version = "3.10"
requires_python = ">=3.6"
summary = "Internationalized Domain Names in Applications (IDNA)"
groups = ["default"]
files = [
    {file = "idna-3.10-py3-none-any.whl", hash = "sha256:946d195a0d259cbba61165e88e65941f16e9b36ea6ddb97f00452bae8b1287d3"},
    {file = "idna-3.10.tar.gz", hash = "sha256:12f65c9b470abda6dc35cf8e63cc574b1c52b11df2c86030af0ac09b01b13ea9"},
]

[[package]]
name = "protobuf"
version = "6.31.1"
requires_python = ">=3.9"
summary = ""
groups = ["default"]
files = [
    {file = "protobuf-6.31.1-cp310-abi3-win32.whl", hash = "sha256:7fa17d5a29c2e04b7d90e5e32388b8bfd0e7107cd8e616feef7ed3fa6bdab5c9"},
    {file = "protobuf-6.31.1-cp310-abi3-win_amd64.whl", hash = "sha256:426f59d2964864a1a366254fa703b8632dcec0790d8862d30034d8245e1cd447"},
    {file = "protobuf-6.31.1-cp39-abi3-macosx_10_9_universal2.whl", hash = "sha256:6f1227473dc43d44ed644425268eb7c2e488ae245d51c6866d19fe158e207402"},
    {file = "protobuf-6.31.1-cp39-abi3-manylinux2014_aarch64.whl", hash = "sha256:a40fc12b84c154884d7d4c4ebd675d5b3b5283e155f324049ae396b95ddebc39"},
    {file = "protobuf-6.31.1-cp39-abi3-manylinux2014_x86_64.whl", hash = "sha256:4ee898bf66f7a8b0bd21bce523814e6fbd8c6add948045ce958b73af7e8878c6"},
    {file = "protobuf-6.31.1-py3-none-any.whl", hash = "sha256:720a6c7e6b77288b85063569baae8536671b39f15cc22037ec7045658d80489e"},
    {file = "protobuf-6.31.1.tar.gz", hash = "sha256:d8cac4c982f0b957a4dc73a80e2ea24fab08e679c0de9deb835f4a12d69aca9a"},
]

[[package]]
name = "setuptools"
version = "80.9.0"
requires_python = ">=3.9"
summary = "Easily download, build, install, upgrade, and uninstall Python packages"
groups = ["default"]
files = [
    {file = "setuptools-80.9.0-py3-none-any.whl", hash = "sha256:062d34222ad13e0cc312a4c02d73f059e86a4acbfbdea8f8f76b28c99f306922"},
    {file = "setuptools-80.9.0.tar.gz", hash = "sha256:f36b47402ecde768dbfafc46e8e4207b4360c654f1f3bb84475f0a28628fb19c"},
]

[[package]]
name = "sniffio"
version = "1.3.1"
requires_python = ">=3.7"
summary = "Sniff out which async library your code is running under"
groups = ["default"]
files = [
    {file = "sniffio-1.3.1-py3-none-any.whl", hash = "sha256:2f6da418d1f1e0fddd844478f41680e794e6051915791a034ff65e5f100525a2"},
    {file = "sniffio-1.3.1.tar.gz", hash = "sha256:f4324edc670a0f49750a81b895f35c3adb843cca46f0530f79fc1babb23789dc"},
]

[[package]]
name = "starlette"
version = "0.47.2"
requires_python = ">=3.9"
summary = "The little ASGI library that shines."
groups = ["default"]
dependencies = [
    "anyio<5,>=3.6.2",
    "typing-extensions>=4.10.0; python_version < \"3.13\"",
]
files = [
    {file = "starlette-0.47.2-py3-none-any.whl", hash = "sha256:c5847e96134e5c5371ee9fac6fdf1a67336d5815e09eb2a01fdb57a351ef915b"},
    {file = "starlette-0.47.2.tar.gz", hash = "sha256:6ae9aa5db235e4846decc1e7b79c4f346adf41e9777aebeb49dfd09bbd7023d8"},
]

[[package]]
name = "typing-extensions"
version = "4.14.1"
requires_python = ">=3.9"
summary = "Backported and Experimental Type Hints for Python 3.9+"
groups = ["default"]
files = [
    {file = "typing_extensions-4.14.1-py3-none-any.whl", hash = "sha256:d1e1e3b58374dc93031d6eda2420a48ea44a36c2b4766a4fdeb3710755731d76"},
    {file = "typing_extensions-4.14.1.tar.gz", hash = "sha256:38b39f4aeeab64884ce9f74c94263ef78f3c22467c8724005483154c26648d36"},
]

[[package]]
name = "uvicorn"
version = "0.35.0"
requires_python = ">=3.9"
summary = "The lightning-fast ASGI server."
groups = ["default"]
dependencies = [
    "click>=7.0",
    "h11>=0.8",
    "typing-extensions>=4.0; python_version < \"3.11\"",
]
files = [
    {file = "uvicorn-0.35.0-py3-none-any.whl", hash = "sha256:197535216b25ff9b785e29a0b79199f55222193d47f820816e7da751e9bc8d4a"},
    {file = "uvicorn-0.35.0.tar.gz", hash = "sha256:bc662f087f7cf2ce11a1d7fd70b90c9f98ef2e2831556dd078d131b96cc94a01"},
]
